
Microsoft Visual Studio Solution File, Format Version 12.00
Project("{FAE04EC0-301F-11D3-BF4B-00C04F79EFBC}") = "Overflow.AppHost", "Overflow.AppHost\Overflow.AppHost.csproj", "{2E49604F-F768-4262-9FC1-2923015E2645}"
EndProject
Project("{FAE04EC0-301F-11D3-BF4B-00C04F79EFBC}") = "Overflow.ServiceDefaults", "Overflow.ServiceDefaults\Overflow.ServiceDefaults.csproj", "{10C7F08B-FBDC-4BC0-A7BE-FCB038AC3467}"
EndProject
Project("{2150E333-8FDC-42A3-9474-1A3956D46DE8}") = "Services", "Services", "{F64ABF6D-8797-424B-9B2D-1594A8E6D785}"
EndProject
Project("{FAE04EC0-301F-11D3-BF4B-00C04F79EFBC}") = "QuestionService", "QuestionService\QuestionService.csproj", "{E9DBFA30-E3C2-4773-A9E7-94C040312175}"
EndProject
Project("{FAE04EC0-301F-11D3-BF4B-00C04F79EFBC}") = "SearchService", "SearchService\SearchService.csproj", "{1E632C30-FBF7-408A-B0A0-91983A44ACB3}"
EndProject
Global
	GlobalSection(SolutionConfigurationPlatforms) = preSolution
		Debug|Any CPU = Debug|Any CPU
		Release|Any CPU = Release|Any CPU
	EndGlobalSection
	GlobalSection(ProjectConfigurationPlatforms) = postSolution
		{2E49604F-F768-4262-9FC1-2923015E2645}.Debug|Any CPU.ActiveCfg = Debug|Any CPU
		{2E49604F-F768-4262-9FC1-2923015E2645}.Debug|Any CPU.Build.0 = Debug|Any CPU
		{2E49604F-F768-4262-9FC1-2923015E2645}.Release|Any CPU.ActiveCfg = Release|Any CPU
		{2E49604F-F768-4262-9FC1-2923015E2645}.Release|Any CPU.Build.0 = Release|Any CPU
		{10C7F08B-FBDC-4BC0-A7BE-FCB038AC3467}.Debug|Any CPU.ActiveCfg = Debug|Any CPU
		{10C7F08B-FBDC-4BC0-A7BE-FCB038AC3467}.Debug|Any CPU.Build.0 = Debug|Any CPU
		{10C7F08B-FBDC-4BC0-A7BE-FCB038AC3467}.Release|Any CPU.ActiveCfg = Release|Any CPU
		{10C7F08B-FBDC-4BC0-A7BE-FCB038AC3467}.Release|Any CPU.Build.0 = Release|Any CPU
		{E9DBFA30-E3C2-4773-A9E7-94C040312175}.Debug|Any CPU.ActiveCfg = Debug|Any CPU
		{E9DBFA30-E3C2-4773-A9E7-94C040312175}.Debug|Any CPU.Build.0 = Debug|Any CPU
		{E9DBFA30-E3C2-4773-A9E7-94C040312175}.Release|Any CPU.ActiveCfg = Release|Any CPU
		{E9DBFA30-E3C2-4773-A9E7-94C040312175}.Release|Any CPU.Build.0 = Release|Any CPU
		{1E632C30-FBF7-408A-B0A0-91983A44ACB3}.Debug|Any CPU.ActiveCfg = Debug|Any CPU
		{1E632C30-FBF7-408A-B0A0-91983A44ACB3}.Debug|Any CPU.Build.0 = Debug|Any CPU
		{1E632C30-FBF7-408A-B0A0-91983A44ACB3}.Release|Any CPU.ActiveCfg = Release|Any CPU
		{1E632C30-FBF7-408A-B0A0-91983A44ACB3}.Release|Any CPU.Build.0 = Release|Any CPU
	EndGlobalSection
	GlobalSection(NestedProjects) = preSolution
		{E9DBFA30-E3C2-4773-A9E7-94C040312175} = {F64ABF6D-8797-424B-9B2D-1594A8E6D785}
		{1E632C30-FBF7-408A-B0A0-91983A44ACB3} = {F64ABF6D-8797-424B-9B2D-1594A8E6D785}
	EndGlobalSection
EndGlobal
